<?xml version="1.0" encoding="utf-8"?>
<Project ToolsVersion="4.0" xmlns="http://schemas.microsoft.com/developer/msbuild/2003">
  <ItemGroup>
    <Filter Include="Source Files">
      <UniqueIdentifier>{4FC737F1-C7A5-4376-A066-2A32D752A2FF}</UniqueIdentifier>
      <Extensions>cpp;c;cc;cxx;c++;cppm;ixx;def;odl;idl;hpj;bat;asm;asmx</Extensions>
    </Filter>
    <Filter Include="Source Files\Week0">
      <UniqueIdentifier>{425990d1-8df9-4638-a5f5-3cef6627a0eb}</UniqueIdentifier>
    </Filter>
    <Filter Include="Source Files\Week1">
      <UniqueIdentifier>{6c3673bb-4ae8-48b3-a187-25aed586cc99}</UniqueIdentifier>
    </Filter>
  </ItemGroup>
  <ItemGroup>
    <ClCompile Include="2309.cpp">
      <Filter>Source Files\Week1</Filter>
    </ClCompile>
    <ClCompile Include="2309-2.cpp">
      <Filter>Source Files\Week1</Filter>
    </ClCompile>
    <ClCompile Include="split.cpp">
      <Filter>Source Files\Week0</Filter>
    </ClCompile>
    <ClCompile Include="CodingTest.cpp">
      <Filter>Source Files\Week0</Filter>
    </ClCompile>
    <ClCompile Include="combination.cpp">
      <Filter>Source Files\Week0</Filter>
    </ClCompile>
    <ClCompile Include="implement.cpp">
      <Filter>Source Files\Week0</Filter>
    </ClCompile>
    <ClCompile Include="makeCombination.cpp">
      <Filter>Source Files\Week0</Filter>
    </ClCompile>
    <ClCompile Include="makePermutation.cpp">
      <Filter>Source Files\Week0</Filter>
    </ClCompile>
    <ClCompile Include="permutation.cpp">
      <Filter>Source Files\Week0</Filter>
    </ClCompile>
    <ClCompile Include="prefixSum.cpp">
      <Filter>Source Files\Week0</Filter>
    </ClCompile>
    <ClCompile Include="recursion.cpp">
      <Filter>Source Files\Week0</Filter>
    </ClCompile>
  </ItemGroup>
</Project>